# THIS IS AN AUTOGENERATED FILE. DO NOT EDIT THIS FILE DIRECTLY.
# yarn lockfile v1


"@bufbuild/buf-linux-x64@1.31.0":
  version "1.31.0"
  resolved "https://registry.npmjs.org/@bufbuild/buf-linux-x64/-/buf-linux-x64-1.31.0.tgz"
  integrity sha512-4uKq5Iu5tNEFE3Mz9a52KFCaywg5xLqwhN6Kf4kAk34kxWJgQ8D3WFe9ZpXHzH7Lj00u3Q+V/3vKCVATHR3tkw==

"@bufbuild/buf@^1.31.0":
  version "1.31.0"
  resolved "https://registry.npmjs.org/@bufbuild/buf/-/buf-1.31.0.tgz"
  integrity sha512-kM/eueGkp0NDo8p8B6GXr1MdCzf4w8zEV1gbEiDlaLYDoyeHGLtlf5jF/hrb6MsvCccy3x7cc+cj4Wn/DmoR2g==
  optionalDependencies:
    "@bufbuild/buf-darwin-arm64" "1.31.0"
    "@bufbuild/buf-darwin-x64" "1.31.0"
    "@bufbuild/buf-linux-aarch64" "1.31.0"
    "@bufbuild/buf-linux-x64" "1.31.0"
    "@bufbuild/buf-win32-arm64" "1.31.0"
    "@bufbuild/buf-win32-x64" "1.31.0"

"@bufbuild/protobuf@^1.4.2", "@bufbuild/protobuf@^1.7.2", "@bufbuild/protobuf@^1.9.0", "@bufbuild/protobuf@1.9.0":
  version "1.9.0"
  resolved "https://registry.npmjs.org/@bufbuild/protobuf/-/protobuf-1.9.0.tgz"
  integrity sha512-W7gp8Q/v1NlCZLsv8pQ3Y0uCu/SHgXOVFK+eUluUKWXmsb6VHkpNx0apdOWWcDbB9sJoKeP8uPrjmehJz6xETQ==

"@bufbuild/protoc-gen-es@^1.7.2", "@bufbuild/protoc-gen-es@^1.9.0":
  version "1.9.0"
  resolved "https://registry.npmjs.org/@bufbuild/protoc-gen-es/-/protoc-gen-es-1.9.0.tgz"
  integrity sha512-LJy1nC3Jsfdhs9v48P7qF6YXIqh+usFhXSVzJDTmw0yKjxQ3CKBNISRtaMql/g9hb1MLRU6unHCcFfdz4HSO/Q==
  dependencies:
    "@bufbuild/protobuf" "^1.9.0"
    "@bufbuild/protoplugin" "1.9.0"

"@bufbuild/protoplugin@^1.7.2", "@bufbuild/protoplugin@^1.9.0", "@bufbuild/protoplugin@1.9.0":
  version "1.9.0"
  resolved "https://registry.npmjs.org/@bufbuild/protoplugin/-/protoplugin-1.9.0.tgz"
  integrity sha512-/mxMiGs5h78RUHT7v4+mv0Wt0gyRf/SOS5PLzKEg2sclEAlFPbXfZ8HjlvxJpXZP/YpP3HvsW/mil3E69G0mXg==
  dependencies:
    "@bufbuild/protobuf" "1.9.0"
    "@typescript/vfs" "^1.4.0"
    typescript "4.5.2"

"@connectrpc/connect@^1.4.0", "@connectrpc/connect@1.4.0":
  version "1.4.0"
  resolved "https://registry.npmjs.org/@connectrpc/connect/-/connect-1.4.0.tgz"
  integrity sha512-vZeOkKaAjyV4+RH3+rJZIfDFJAfr+7fyYr6sLDKbYX3uuTVszhFe9/YKf5DNqrDb5cKdKVlYkGn6DTDqMitAnA==

"@connectrpc/protoc-gen-connect-es@^1.4.0":
  version "1.4.0"
  resolved "https://registry.npmjs.org/@connectrpc/protoc-gen-connect-es/-/protoc-gen-connect-es-1.4.0.tgz"
  integrity sha512-/7vQ8Q7mEBhV8qEVh/eifRQlQnf8EJ6weMwCD2DljVAQRlZYcW9SLxjYZhV1uM1ZZqQC7Cw2vvgXRg2XQswHBg==
  dependencies:
    "@bufbuild/protobuf" "^1.7.2"
    "@bufbuild/protoplugin" "^1.7.2"

"@esbuild/linux-x64@0.20.2":
  version "0.20.2"
  resolved "https://registry.npmjs.org/@esbuild/linux-x64/-/linux-x64-0.20.2.tgz"
  integrity sha512-1MdwI6OOTsfQfek8sLwgyjOXAu+wKhLEoaOLTjbijk6E2WONYpH9ZU2mNtR+lZ2B4uwr+usqGuVfFT9tMtGvGw==

"@types/node@^20.12.11":
  version "20.12.11"
  resolved "https://registry.npmjs.org/@types/node/-/node-20.12.11.tgz"
  integrity sha512-vDg9PZ/zi+Nqp6boSOT7plNuthRugEKixDv5sFTIpkE89MmNtEArAShI4mxuX2+UrLEe9pxC1vm2cjm9YlWbJw==
  dependencies:
    undici-types "~5.26.4"

"@typescript/vfs@^1.4.0":
  version "1.5.0"
  resolved "https://registry.npmjs.org/@typescript/vfs/-/vfs-1.5.0.tgz"
  integrity sha512-AJS307bPgbsZZ9ggCT3wwpg3VbTKMFNHfaY/uF0ahSkYYrPF2dSSKDNIDIQAHm9qJqbLvCsSJH7yN4Vs/CsMMg==
  dependencies:
    debug "^4.1.1"

debug@^4.1.1:
  version "4.3.4"
  resolved "https://registry.npmjs.org/debug/-/debug-4.3.4.tgz"
  integrity sha512-PRWFHuSU3eDtQJPvnNY7Jcket1j0t5OuOsFzPPzsekD52Zl8qUfFIPEiswXqIvHWGVHOgX+7G/vCNNhehwxfkQ==
  dependencies:
    ms "2.1.2"

esbuild@~0.20.2:
  version "0.20.2"
  resolved "https://registry.npmjs.org/esbuild/-/esbuild-0.20.2.tgz"
  integrity sha512-WdOOppmUNU+IbZ0PaDiTst80zjnrOkyJNHoKupIcVyU8Lvla3Ugx94VzkQ32Ijqd7UhHJy75gNWDMUekcrSJ6g==
  optionalDependencies:
    "@esbuild/aix-ppc64" "0.20.2"
    "@esbuild/android-arm" "0.20.2"
    "@esbuild/android-arm64" "0.20.2"
    "@esbuild/android-x64" "0.20.2"
    "@esbuild/darwin-arm64" "0.20.2"
    "@esbuild/darwin-x64" "0.20.2"
    "@esbuild/freebsd-arm64" "0.20.2"
    "@esbuild/freebsd-x64" "0.20.2"
    "@esbuild/linux-arm" "0.20.2"
    "@esbuild/linux-arm64" "0.20.2"
    "@esbuild/linux-ia32" "0.20.2"
    "@esbuild/linux-loong64" "0.20.2"
    "@esbuild/linux-mips64el" "0.20.2"
    "@esbuild/linux-ppc64" "0.20.2"
    "@esbuild/linux-riscv64" "0.20.2"
    "@esbuild/linux-s390x" "0.20.2"
    "@esbuild/linux-x64" "0.20.2"
    "@esbuild/netbsd-x64" "0.20.2"
    "@esbuild/openbsd-x64" "0.20.2"
    "@esbuild/sunos-x64" "0.20.2"
    "@esbuild/win32-arm64" "0.20.2"
    "@esbuild/win32-ia32" "0.20.2"
    "@esbuild/win32-x64" "0.20.2"

get-tsconfig@^4.7.3:
  version "4.7.5"
  resolved "https://registry.npmjs.org/get-tsconfig/-/get-tsconfig-4.7.5.tgz"
  integrity sha512-ZCuZCnlqNzjb4QprAzXKdpp/gh6KTxSJuw3IBsPnV/7fV4NxC9ckB+vPTt8w7fJA0TaSD7c55BR47JD6MEDyDw==
  dependencies:
    resolve-pkg-maps "^1.0.0"

ms@2.1.2:
  version "2.1.2"
  resolved "https://registry.npmjs.org/ms/-/ms-2.1.2.tgz"
  integrity sha512-sGkPx+VjMtmA6MX27oA4FBFELFCZZ4S4XqeGOXCv68tT+jb3vk/RyaKWP0PTKyWtmLSM0b+adUTEvbs1PEaH2w==

resolve-pkg-maps@^1.0.0:
  version "1.0.0"
  resolved "https://registry.npmjs.org/resolve-pkg-maps/-/resolve-pkg-maps-1.0.0.tgz"
  integrity sha512-seS2Tj26TBVOC2NIc2rOe2y2ZO7efxITtLZcGSOnHHNOQ7CkiUBfw0Iw2ck6xkIhPwLhKNLS8BO+hEpngQlqzw==

tsx@^4.9.4:
  version "4.9.4"
  resolved "https://registry.npmjs.org/tsx/-/tsx-4.9.4.tgz"
  integrity sha512-TlSJTVn2taGGDgdV3jAqCj7WQ/CafCB5p4SbG7W2Bl/0AJWH1ShJlBbc0y2lOFTjQEVAAULSTlmehw/Mwv3S/Q==
  dependencies:
    esbuild "~0.20.2"
    get-tsconfig "^4.7.3"
  optionalDependencies:
    fsevents "~2.3.3"

typescript@^5.4.5:
  version "5.4.5"
  resolved "https://registry.npmjs.org/typescript/-/typescript-5.4.5.tgz"
  integrity sha512-vcI4UpRgg81oIRUFwR0WSIHKt11nJ7SAVlYNIu+QpqeyXP+gpQJy/Z4+F0aGxSE4MqwjyXvW/TzgkLAx2AGHwQ==

typescript@4.5.2:
  version "4.5.2"
  resolved "https://registry.npmjs.org/typescript/-/typescript-4.5.2.tgz"
  integrity sha512-5BlMof9H1yGt0P8/WF+wPNw6GfctgGjXp5hkblpyT+8rkASSmkUKMXrxR0Xg8ThVCi/JnHQiKXeBaEwCeQwMFw==

undici-types@~5.26.4:
  version "5.26.5"
  resolved "https://registry.npmjs.org/undici-types/-/undici-types-5.26.5.tgz"
  integrity sha512-JlCMO+ehdEIKqlFxk6IfVoAUVmgz7cU7zD/h9XZ0qzeosSHmUJVOzSQvvYSYWXkFXC+IfLKSIffhv0sVZup6pA==

zod@^3.23.8:
  version "3.23.8"
  resolved "https://registry.npmjs.org/zod/-/zod-3.23.8.tgz"
  integrity sha512-XBx9AXhXktjUqnepgTiE5flcKIYWi/rme0Eaj+5Y0lftuGBq+jyRu/md4WnuxqgP1ubdpNCsYEYPxrzVHD8d6g==
